
Microsoft Visual Studio Solution File, Format Version 12.00
# Visual Studio 2012
Project("{FAE04EC0-301F-11D3-BF4B-00C04F79EFBC}") = "ordermanager", "ordermanager.csproj", "{90AC4DF2-CEB4-47C1-89A0-6BB83D113212}"
EndProject
Project("{FAE04EC0-301F-11D3-BF4B-00C04F79EFBC}") = "MahApps.Metro.NET45", "MahApps.Metro\MahApps.Metro.NET45.csproj", "{942D11C4-29F5-46C4-8C14-4B976D56C637}"
EndProject
Project("{FAE04EC0-301F-11D3-BF4B-00C04F79EFBC}") = "Reports", "..\Reports\Reports.csproj", "{542F6659-EB9A-4EA2-81F8-8B76DA9E0AEA}"
EndProject
Project("{FAE04EC0-301F-11D3-BF4B-00C04F79EFBC}") = "Microsoft.DwayneNeed", "..\Microsoft.DwayneNeed\Microsoft.DwayneNeed.csproj", "{80A10B86-6615-4440-93B0-C943DF5B8693}"
EndProject
Project("{FAE04EC0-301F-11D3-BF4B-00C04F79EFBC}") = "Microsoft.DwayneNeed.Win32", "..\Microsoft.DwayneNeed.Win32\Microsoft.DwayneNeed.Win32.csproj", "{39337E67-FDBB-4B17-AB5F-B65820CCD11E}"
EndProject
Project("{FAE04EC0-301F-11D3-BF4B-00C04F79EFBC}") = "MahApps.Metro", "MahApps.Metro\MahApps.Metro.csproj", "{5B1710D2-5DC8-4754-91B2-19165DE49B3D}"
EndProject
Project("{6141683F-8A12-4E36-9623-2EB02B2C2303}") = "OrderManagerInstaller", "..\OrderManagerInstaller\OrderManagerInstaller.isproj", "{F68E98BF-0440-4A1A-B2BD-F1C48BACFDD2}"
	ProjectSection(ProjectDependencies) = postProject
		{542F6659-EB9A-4EA2-81F8-8B76DA9E0AEA} = {542F6659-EB9A-4EA2-81F8-8B76DA9E0AEA}
		{39337E67-FDBB-4B17-AB5F-B65820CCD11E} = {39337E67-FDBB-4B17-AB5F-B65820CCD11E}
		{80A10B86-6615-4440-93B0-C943DF5B8693} = {80A10B86-6615-4440-93B0-C943DF5B8693}
		{942D11C4-29F5-46C4-8C14-4B976D56C637} = {942D11C4-29F5-46C4-8C14-4B976D56C637}
		{5B1710D2-5DC8-4754-91B2-19165DE49B3D} = {5B1710D2-5DC8-4754-91B2-19165DE49B3D}
		{90AC4DF2-CEB4-47C1-89A0-6BB83D113212} = {90AC4DF2-CEB4-47C1-89A0-6BB83D113212}
	EndProjectSection
EndProject
Global
	GlobalSection(SolutionConfigurationPlatforms) = preSolution
		CD_ROM|Any CPU = CD_ROM|Any CPU
		CD_ROM|Mixed Platforms = CD_ROM|Mixed Platforms
		CD_ROM|x86 = CD_ROM|x86
		Debug|Any CPU = Debug|Any CPU
		Debug|Mixed Platforms = Debug|Mixed Platforms
		Debug|x86 = Debug|x86
		DVD-5|Any CPU = DVD-5|Any CPU
		DVD-5|Mixed Platforms = DVD-5|Mixed Platforms
		DVD-5|x86 = DVD-5|x86
		Release|Any CPU = Release|Any CPU
		Release|Mixed Platforms = Release|Mixed Platforms
		Release|x86 = Release|x86
		SingleImage|Any CPU = SingleImage|Any CPU
		SingleImage|Mixed Platforms = SingleImage|Mixed Platforms
		SingleImage|x86 = SingleImage|x86
	EndGlobalSection
	GlobalSection(ProjectConfigurationPlatforms) = postSolution
		{90AC4DF2-CEB4-47C1-89A0-6BB83D113212}.CD_ROM|Any CPU.ActiveCfg = Release|x86
		{90AC4DF2-CEB4-47C1-89A0-6BB83D113212}.CD_ROM|Mixed Platforms.ActiveCfg = Release|x86
		{90AC4DF2-CEB4-47C1-89A0-6BB83D113212}.CD_ROM|Mixed Platforms.Build.0 = Release|x86
		{90AC4DF2-CEB4-47C1-89A0-6BB83D113212}.CD_ROM|x86.ActiveCfg = Release|x86
		{90AC4DF2-CEB4-47C1-89A0-6BB83D113212}.CD_ROM|x86.Build.0 = Release|x86
		{90AC4DF2-CEB4-47C1-89A0-6BB83D113212}.Debug|Any CPU.ActiveCfg = Debug|x86
		{90AC4DF2-CEB4-47C1-89A0-6BB83D113212}.Debug|Mixed Platforms.ActiveCfg = Debug|x86
		{90AC4DF2-CEB4-47C1-89A0-6BB83D113212}.Debug|Mixed Platforms.Build.0 = Debug|x86
		{90AC4DF2-CEB4-47C1-89A0-6BB83D113212}.Debug|x86.ActiveCfg = Debug|x86
		{90AC4DF2-CEB4-47C1-89A0-6BB83D113212}.Debug|x86.Build.0 = Debug|x86
		{90AC4DF2-CEB4-47C1-89A0-6BB83D113212}.DVD-5|Any CPU.ActiveCfg = Debug|x86
		{90AC4DF2-CEB4-47C1-89A0-6BB83D113212}.DVD-5|Mixed Platforms.ActiveCfg = Debug|x86
		{90AC4DF2-CEB4-47C1-89A0-6BB83D113212}.DVD-5|Mixed Platforms.Build.0 = Debug|x86
		{90AC4DF2-CEB4-47C1-89A0-6BB83D113212}.DVD-5|x86.ActiveCfg = Debug|x86
		{90AC4DF2-CEB4-47C1-89A0-6BB83D113212}.DVD-5|x86.Build.0 = Debug|x86
		{90AC4DF2-CEB4-47C1-89A0-6BB83D113212}.Release|Any CPU.ActiveCfg = Release|x86
		{90AC4DF2-CEB4-47C1-89A0-6BB83D113212}.Release|Mixed Platforms.ActiveCfg = Release|x86
		{90AC4DF2-CEB4-47C1-89A0-6BB83D113212}.Release|Mixed Platforms.Build.0 = Release|x86
		{90AC4DF2-CEB4-47C1-89A0-6BB83D113212}.Release|x86.ActiveCfg = Release|x86
		{90AC4DF2-CEB4-47C1-89A0-6BB83D113212}.Release|x86.Build.0 = Release|x86
		{90AC4DF2-CEB4-47C1-89A0-6BB83D113212}.SingleImage|Any CPU.ActiveCfg = Release|x86
		{90AC4DF2-CEB4-47C1-89A0-6BB83D113212}.SingleImage|Mixed Platforms.ActiveCfg = Release|x86
		{90AC4DF2-CEB4-47C1-89A0-6BB83D113212}.SingleImage|Mixed Platforms.Build.0 = Release|x86
		{90AC4DF2-CEB4-47C1-89A0-6BB83D113212}.SingleImage|x86.ActiveCfg = Release|x86
		{90AC4DF2-CEB4-47C1-89A0-6BB83D113212}.SingleImage|x86.Build.0 = Release|x86
		{942D11C4-29F5-46C4-8C14-4B976D56C637}.CD_ROM|Any CPU.ActiveCfg = Release|Any CPU
		{942D11C4-29F5-46C4-8C14-4B976D56C637}.CD_ROM|Any CPU.Build.0 = Release|Any CPU
		{942D11C4-29F5-46C4-8C14-4B976D56C637}.CD_ROM|Mixed Platforms.ActiveCfg = Release|Any CPU
		{942D11C4-29F5-46C4-8C14-4B976D56C637}.CD_ROM|Mixed Platforms.Build.0 = Release|Any CPU
		{942D11C4-29F5-46C4-8C14-4B976D56C637}.CD_ROM|x86.ActiveCfg = Release|Any CPU
		{942D11C4-29F5-46C4-8C14-4B976D56C637}.Debug|Any CPU.ActiveCfg = Debug|Any CPU
		{942D11C4-29F5-46C4-8C14-4B976D56C637}.Debug|Any CPU.Build.0 = Debug|Any CPU
		{942D11C4-29F5-46C4-8C14-4B976D56C637}.Debug|Mixed Platforms.ActiveCfg = Debug|Any CPU
		{942D11C4-29F5-46C4-8C14-4B976D56C637}.Debug|Mixed Platforms.Build.0 = Debug|Any CPU
		{942D11C4-29F5-46C4-8C14-4B976D56C637}.Debug|x86.ActiveCfg = Debug|Any CPU
		{942D11C4-29F5-46C4-8C14-4B976D56C637}.DVD-5|Any CPU.ActiveCfg = Debug|Any CPU
		{942D11C4-29F5-46C4-8C14-4B976D56C637}.DVD-5|Any CPU.Build.0 = Debug|Any CPU
		{942D11C4-29F5-46C4-8C14-4B976D56C637}.DVD-5|Mixed Platforms.ActiveCfg = Debug|Any CPU
		{942D11C4-29F5-46C4-8C14-4B976D56C637}.DVD-5|Mixed Platforms.Build.0 = Debug|Any CPU
		{942D11C4-29F5-46C4-8C14-4B976D56C637}.DVD-5|x86.ActiveCfg = Debug|Any CPU
		{942D11C4-29F5-46C4-8C14-4B976D56C637}.Release|Any CPU.ActiveCfg = Release|Any CPU
		{942D11C4-29F5-46C4-8C14-4B976D56C637}.Release|Any CPU.Build.0 = Release|Any CPU
		{942D11C4-29F5-46C4-8C14-4B976D56C637}.Release|Mixed Platforms.ActiveCfg = Release|Any CPU
		{942D11C4-29F5-46C4-8C14-4B976D56C637}.Release|Mixed Platforms.Build.0 = Release|Any CPU
		{942D11C4-29F5-46C4-8C14-4B976D56C637}.Release|x86.ActiveCfg = Release|Any CPU
		{942D11C4-29F5-46C4-8C14-4B976D56C637}.SingleImage|Any CPU.ActiveCfg = Release|Any CPU
		{942D11C4-29F5-46C4-8C14-4B976D56C637}.SingleImage|Any CPU.Build.0 = Release|Any CPU
		{942D11C4-29F5-46C4-8C14-4B976D56C637}.SingleImage|Mixed Platforms.ActiveCfg = Release|Any CPU
		{942D11C4-29F5-46C4-8C14-4B976D56C637}.SingleImage|Mixed Platforms.Build.0 = Release|Any CPU
		{942D11C4-29F5-46C4-8C14-4B976D56C637}.SingleImage|x86.ActiveCfg = Release|Any CPU
		{542F6659-EB9A-4EA2-81F8-8B76DA9E0AEA}.CD_ROM|Any CPU.ActiveCfg = Release|Any CPU
		{542F6659-EB9A-4EA2-81F8-8B76DA9E0AEA}.CD_ROM|Any CPU.Build.0 = Release|Any CPU
		{542F6659-EB9A-4EA2-81F8-8B76DA9E0AEA}.CD_ROM|Mixed Platforms.ActiveCfg = Release|Any CPU
		{542F6659-EB9A-4EA2-81F8-8B76DA9E0AEA}.CD_ROM|Mixed Platforms.Build.0 = Release|Any CPU
		{542F6659-EB9A-4EA2-81F8-8B76DA9E0AEA}.CD_ROM|x86.ActiveCfg = Release|Any CPU
		{542F6659-EB9A-4EA2-81F8-8B76DA9E0AEA}.Debug|Any CPU.ActiveCfg = Debug|Any CPU
		{542F6659-EB9A-4EA2-81F8-8B76DA9E0AEA}.Debug|Any CPU.Build.0 = Debug|Any CPU
		{542F6659-EB9A-4EA2-81F8-8B76DA9E0AEA}.Debug|Mixed Platforms.ActiveCfg = Debug|Any CPU
		{542F6659-EB9A-4EA2-81F8-8B76DA9E0AEA}.Debug|Mixed Platforms.Build.0 = Debug|Any CPU
		{542F6659-EB9A-4EA2-81F8-8B76DA9E0AEA}.Debug|x86.ActiveCfg = Debug|Any CPU
		{542F6659-EB9A-4EA2-81F8-8B76DA9E0AEA}.DVD-5|Any CPU.ActiveCfg = Debug|Any CPU
		{542F6659-EB9A-4EA2-81F8-8B76DA9E0AEA}.DVD-5|Any CPU.Build.0 = Debug|Any CPU
		{542F6659-EB9A-4EA2-81F8-8B76DA9E0AEA}.DVD-5|Mixed Platforms.ActiveCfg = Debug|Any CPU
		{542F6659-EB9A-4EA2-81F8-8B76DA9E0AEA}.DVD-5|Mixed Platforms.Build.0 = Debug|Any CPU
		{542F6659-EB9A-4EA2-81F8-8B76DA9E0AEA}.DVD-5|x86.ActiveCfg = Debug|Any CPU
		{542F6659-EB9A-4EA2-81F8-8B76DA9E0AEA}.Release|Any CPU.ActiveCfg = Release|Any CPU
		{542F6659-EB9A-4EA2-81F8-8B76DA9E0AEA}.Release|Any CPU.Build.0 = Release|Any CPU
		{542F6659-EB9A-4EA2-81F8-8B76DA9E0AEA}.Release|Mixed Platforms.ActiveCfg = Release|Any CPU
		{542F6659-EB9A-4EA2-81F8-8B76DA9E0AEA}.Release|Mixed Platforms.Build.0 = Release|Any CPU
		{542F6659-EB9A-4EA2-81F8-8B76DA9E0AEA}.Release|x86.ActiveCfg = Release|Any CPU
		{542F6659-EB9A-4EA2-81F8-8B76DA9E0AEA}.SingleImage|Any CPU.ActiveCfg = Release|Any CPU
		{542F6659-EB9A-4EA2-81F8-8B76DA9E0AEA}.SingleImage|Any CPU.Build.0 = Release|Any CPU
		{542F6659-EB9A-4EA2-81F8-8B76DA9E0AEA}.SingleImage|Mixed Platforms.ActiveCfg = Release|Any CPU
		{542F6659-EB9A-4EA2-81F8-8B76DA9E0AEA}.SingleImage|Mixed Platforms.Build.0 = Release|Any CPU
		{542F6659-EB9A-4EA2-81F8-8B76DA9E0AEA}.SingleImage|x86.ActiveCfg = Release|Any CPU
		{80A10B86-6615-4440-93B0-C943DF5B8693}.CD_ROM|Any CPU.ActiveCfg = Release|Any CPU
		{80A10B86-6615-4440-93B0-C943DF5B8693}.CD_ROM|Any CPU.Build.0 = Release|Any CPU
		{80A10B86-6615-4440-93B0-C943DF5B8693}.CD_ROM|Mixed Platforms.ActiveCfg = Release|Any CPU
		{80A10B86-6615-4440-93B0-C943DF5B8693}.CD_ROM|Mixed Platforms.Build.0 = Release|Any CPU
		{80A10B86-6615-4440-93B0-C943DF5B8693}.CD_ROM|x86.ActiveCfg = Release|Any CPU
		{80A10B86-6615-4440-93B0-C943DF5B8693}.Debug|Any CPU.ActiveCfg = Debug|Any CPU
		{80A10B86-6615-4440-93B0-C943DF5B8693}.Debug|Any CPU.Build.0 = Debug|Any CPU
		{80A10B86-6615-4440-93B0-C943DF5B8693}.Debug|Mixed Platforms.ActiveCfg = Debug|Any CPU
		{80A10B86-6615-4440-93B0-C943DF5B8693}.Debug|Mixed Platforms.Build.0 = Debug|Any CPU
		{80A10B86-6615-4440-93B0-C943DF5B8693}.Debug|x86.ActiveCfg = Debug|Any CPU
		{80A10B86-6615-4440-93B0-C943DF5B8693}.DVD-5|Any CPU.ActiveCfg = Debug|Any CPU
		{80A10B86-6615-4440-93B0-C943DF5B8693}.DVD-5|Any CPU.Build.0 = Debug|Any CPU
		{80A10B86-6615-4440-93B0-C943DF5B8693}.DVD-5|Mixed Platforms.ActiveCfg = Debug|Any CPU
		{80A10B86-6615-4440-93B0-C943DF5B8693}.DVD-5|Mixed Platforms.Build.0 = Debug|Any CPU
		{80A10B86-6615-4440-93B0-C943DF5B8693}.DVD-5|x86.ActiveCfg = Debug|Any CPU
		{80A10B86-6615-4440-93B0-C943DF5B8693}.Release|Any CPU.ActiveCfg = Release|Any CPU
		{80A10B86-6615-4440-93B0-C943DF5B8693}.Release|Any CPU.Build.0 = Release|Any CPU
		{80A10B86-6615-4440-93B0-C943DF5B8693}.Release|Mixed Platforms.ActiveCfg = Release|Any CPU
		{80A10B86-6615-4440-93B0-C943DF5B8693}.Release|Mixed Platforms.Build.0 = Release|Any CPU
		{80A10B86-6615-4440-93B0-C943DF5B8693}.Release|x86.ActiveCfg = Release|Any CPU
		{80A10B86-6615-4440-93B0-C943DF5B8693}.SingleImage|Any CPU.ActiveCfg = Release|Any CPU
		{80A10B86-6615-4440-93B0-C943DF5B8693}.SingleImage|Any CPU.Build.0 = Release|Any CPU
		{80A10B86-6615-4440-93B0-C943DF5B8693}.SingleImage|Mixed Platforms.ActiveCfg = Release|Any CPU
		{80A10B86-6615-4440-93B0-C943DF5B8693}.SingleImage|Mixed Platforms.Build.0 = Release|Any CPU
		{80A10B86-6615-4440-93B0-C943DF5B8693}.SingleImage|x86.ActiveCfg = Release|Any CPU
		{39337E67-FDBB-4B17-AB5F-B65820CCD11E}.CD_ROM|Any CPU.ActiveCfg = Release|Any CPU
		{39337E67-FDBB-4B17-AB5F-B65820CCD11E}.CD_ROM|Any CPU.Build.0 = Release|Any CPU
		{39337E67-FDBB-4B17-AB5F-B65820CCD11E}.CD_ROM|Mixed Platforms.ActiveCfg = Release|Any CPU
		{39337E67-FDBB-4B17-AB5F-B65820CCD11E}.CD_ROM|Mixed Platforms.Build.0 = Release|Any CPU
		{39337E67-FDBB-4B17-AB5F-B65820CCD11E}.CD_ROM|x86.ActiveCfg = Release|Any CPU
		{39337E67-FDBB-4B17-AB5F-B65820CCD11E}.Debug|Any CPU.ActiveCfg = Debug|Any CPU
		{39337E67-FDBB-4B17-AB5F-B65820CCD11E}.Debug|Any CPU.Build.0 = Debug|Any CPU
		{39337E67-FDBB-4B17-AB5F-B65820CCD11E}.Debug|Mixed Platforms.ActiveCfg = Debug|Any CPU
		{39337E67-FDBB-4B17-AB5F-B65820CCD11E}.Debug|Mixed Platforms.Build.0 = Debug|Any CPU
		{39337E67-FDBB-4B17-AB5F-B65820CCD11E}.Debug|x86.ActiveCfg = Debug|Any CPU
		{39337E67-FDBB-4B17-AB5F-B65820CCD11E}.DVD-5|Any CPU.ActiveCfg = Debug|Any CPU
		{39337E67-FDBB-4B17-AB5F-B65820CCD11E}.DVD-5|Any CPU.Build.0 = Debug|Any CPU
		{39337E67-FDBB-4B17-AB5F-B65820CCD11E}.DVD-5|Mixed Platforms.ActiveCfg = Debug|Any CPU
		{39337E67-FDBB-4B17-AB5F-B65820CCD11E}.DVD-5|Mixed Platforms.Build.0 = Debug|Any CPU
		{39337E67-FDBB-4B17-AB5F-B65820CCD11E}.DVD-5|x86.ActiveCfg = Debug|Any CPU
		{39337E67-FDBB-4B17-AB5F-B65820CCD11E}.Release|Any CPU.ActiveCfg = Release|Any CPU
		{39337E67-FDBB-4B17-AB5F-B65820CCD11E}.Release|Any CPU.Build.0 = Release|Any CPU
		{39337E67-FDBB-4B17-AB5F-B65820CCD11E}.Release|Mixed Platforms.ActiveCfg = Release|Any CPU
		{39337E67-FDBB-4B17-AB5F-B65820CCD11E}.Release|Mixed Platforms.Build.0 = Release|Any CPU
		{39337E67-FDBB-4B17-AB5F-B65820CCD11E}.Release|x86.ActiveCfg = Release|Any CPU
		{39337E67-FDBB-4B17-AB5F-B65820CCD11E}.SingleImage|Any CPU.ActiveCfg = Release|Any CPU
		{39337E67-FDBB-4B17-AB5F-B65820CCD11E}.SingleImage|Any CPU.Build.0 = Release|Any CPU
		{39337E67-FDBB-4B17-AB5F-B65820CCD11E}.SingleImage|Mixed Platforms.ActiveCfg = Release|Any CPU
		{39337E67-FDBB-4B17-AB5F-B65820CCD11E}.SingleImage|Mixed Platforms.Build.0 = Release|Any CPU
		{39337E67-FDBB-4B17-AB5F-B65820CCD11E}.SingleImage|x86.ActiveCfg = Release|Any CPU
		{5B1710D2-5DC8-4754-91B2-19165DE49B3D}.CD_ROM|Any CPU.ActiveCfg = Release|Any CPU
		{5B1710D2-5DC8-4754-91B2-19165DE49B3D}.CD_ROM|Any CPU.Build.0 = Release|Any CPU
		{5B1710D2-5DC8-4754-91B2-19165DE49B3D}.CD_ROM|Mixed Platforms.ActiveCfg = Release|Any CPU
		{5B1710D2-5DC8-4754-91B2-19165DE49B3D}.CD_ROM|Mixed Platforms.Build.0 = Release|Any CPU
		{5B1710D2-5DC8-4754-91B2-19165DE49B3D}.CD_ROM|x86.ActiveCfg = Release|Any CPU
		{5B1710D2-5DC8-4754-91B2-19165DE49B3D}.Debug|Any CPU.ActiveCfg = Debug|Any CPU
		{5B1710D2-5DC8-4754-91B2-19165DE49B3D}.Debug|Any CPU.Build.0 = Debug|Any CPU
		{5B1710D2-5DC8-4754-91B2-19165DE49B3D}.Debug|Mixed Platforms.ActiveCfg = Debug|Any CPU
		{5B1710D2-5DC8-4754-91B2-19165DE49B3D}.Debug|Mixed Platforms.Build.0 = Debug|Any CPU
		{5B1710D2-5DC8-4754-91B2-19165DE49B3D}.Debug|x86.ActiveCfg = Debug|Any CPU
		{5B1710D2-5DC8-4754-91B2-19165DE49B3D}.DVD-5|Any CPU.ActiveCfg = Debug|Any CPU
		{5B1710D2-5DC8-4754-91B2-19165DE49B3D}.DVD-5|Any CPU.Build.0 = Debug|Any CPU
		{5B1710D2-5DC8-4754-91B2-19165DE49B3D}.DVD-5|Mixed Platforms.ActiveCfg = Debug|Any CPU
		{5B1710D2-5DC8-4754-91B2-19165DE49B3D}.DVD-5|Mixed Platforms.Build.0 = Debug|Any CPU
		{5B1710D2-5DC8-4754-91B2-19165DE49B3D}.DVD-5|x86.ActiveCfg = Debug|Any CPU
		{5B1710D2-5DC8-4754-91B2-19165DE49B3D}.Release|Any CPU.ActiveCfg = Release|Any CPU
		{5B1710D2-5DC8-4754-91B2-19165DE49B3D}.Release|Any CPU.Build.0 = Release|Any CPU
		{5B1710D2-5DC8-4754-91B2-19165DE49B3D}.Release|Mixed Platforms.ActiveCfg = Release|Any CPU
		{5B1710D2-5DC8-4754-91B2-19165DE49B3D}.Release|Mixed Platforms.Build.0 = Release|Any CPU
		{5B1710D2-5DC8-4754-91B2-19165DE49B3D}.Release|x86.ActiveCfg = Release|Any CPU
		{5B1710D2-5DC8-4754-91B2-19165DE49B3D}.SingleImage|Any CPU.ActiveCfg = Release|Any CPU
		{5B1710D2-5DC8-4754-91B2-19165DE49B3D}.SingleImage|Any CPU.Build.0 = Release|Any CPU
		{5B1710D2-5DC8-4754-91B2-19165DE49B3D}.SingleImage|Mixed Platforms.ActiveCfg = Release|Any CPU
		{5B1710D2-5DC8-4754-91B2-19165DE49B3D}.SingleImage|Mixed Platforms.Build.0 = Release|Any CPU
		{5B1710D2-5DC8-4754-91B2-19165DE49B3D}.SingleImage|x86.ActiveCfg = Release|Any CPU
		{F68E98BF-0440-4A1A-B2BD-F1C48BACFDD2}.CD_ROM|Any CPU.ActiveCfg = CD_ROM
		{F68E98BF-0440-4A1A-B2BD-F1C48BACFDD2}.CD_ROM|Any CPU.Build.0 = CD_ROM
		{F68E98BF-0440-4A1A-B2BD-F1C48BACFDD2}.CD_ROM|Mixed Platforms.ActiveCfg = CD_ROM
		{F68E98BF-0440-4A1A-B2BD-F1C48BACFDD2}.CD_ROM|Mixed Platforms.Build.0 = CD_ROM
		{F68E98BF-0440-4A1A-B2BD-F1C48BACFDD2}.CD_ROM|x86.ActiveCfg = CD_ROM
		{F68E98BF-0440-4A1A-B2BD-F1C48BACFDD2}.CD_ROM|x86.Build.0 = CD_ROM
		{F68E98BF-0440-4A1A-B2BD-F1C48BACFDD2}.Debug|Any CPU.ActiveCfg = DVD-5
		{F68E98BF-0440-4A1A-B2BD-F1C48BACFDD2}.Debug|Any CPU.Build.0 = DVD-5
		{F68E98BF-0440-4A1A-B2BD-F1C48BACFDD2}.Debug|Mixed Platforms.ActiveCfg = DVD-5
		{F68E98BF-0440-4A1A-B2BD-F1C48BACFDD2}.Debug|Mixed Platforms.Build.0 = DVD-5
		{F68E98BF-0440-4A1A-B2BD-F1C48BACFDD2}.Debug|x86.ActiveCfg = DVD-5
		{F68E98BF-0440-4A1A-B2BD-F1C48BACFDD2}.Debug|x86.Build.0 = DVD-5
		{F68E98BF-0440-4A1A-B2BD-F1C48BACFDD2}.DVD-5|Any CPU.ActiveCfg = DVD-5
		{F68E98BF-0440-4A1A-B2BD-F1C48BACFDD2}.DVD-5|Any CPU.Build.0 = DVD-5
		{F68E98BF-0440-4A1A-B2BD-F1C48BACFDD2}.DVD-5|Mixed Platforms.ActiveCfg = DVD-5
		{F68E98BF-0440-4A1A-B2BD-F1C48BACFDD2}.DVD-5|Mixed Platforms.Build.0 = DVD-5
		{F68E98BF-0440-4A1A-B2BD-F1C48BACFDD2}.DVD-5|x86.ActiveCfg = DVD-5
		{F68E98BF-0440-4A1A-B2BD-F1C48BACFDD2}.DVD-5|x86.Build.0 = DVD-5
		{F68E98BF-0440-4A1A-B2BD-F1C48BACFDD2}.Release|Any CPU.ActiveCfg = SingleImage
		{F68E98BF-0440-4A1A-B2BD-F1C48BACFDD2}.Release|Any CPU.Build.0 = SingleImage
		{F68E98BF-0440-4A1A-B2BD-F1C48BACFDD2}.Release|Mixed Platforms.ActiveCfg = SingleImage
		{F68E98BF-0440-4A1A-B2BD-F1C48BACFDD2}.Release|Mixed Platforms.Build.0 = SingleImage
		{F68E98BF-0440-4A1A-B2BD-F1C48BACFDD2}.Release|x86.ActiveCfg = SingleImage
		{F68E98BF-0440-4A1A-B2BD-F1C48BACFDD2}.Release|x86.Build.0 = SingleImage
		{F68E98BF-0440-4A1A-B2BD-F1C48BACFDD2}.SingleImage|Any CPU.ActiveCfg = SingleImage
		{F68E98BF-0440-4A1A-B2BD-F1C48BACFDD2}.SingleImage|Any CPU.Build.0 = SingleImage
		{F68E98BF-0440-4A1A-B2BD-F1C48BACFDD2}.SingleImage|Mixed Platforms.ActiveCfg = SingleImage
		{F68E98BF-0440-4A1A-B2BD-F1C48BACFDD2}.SingleImage|Mixed Platforms.Build.0 = SingleImage
		{F68E98BF-0440-4A1A-B2BD-F1C48BACFDD2}.SingleImage|x86.ActiveCfg = SingleImage
		{F68E98BF-0440-4A1A-B2BD-F1C48BACFDD2}.SingleImage|x86.Build.0 = SingleImage
	EndGlobalSection
	GlobalSection(SolutionProperties) = preSolution
		HideSolutionNode = FALSE
	EndGlobalSection
EndGlobal
