
Microsoft Visual Studio Solution File, Format Version 12.00
# Visual Studio 2012
Project("{FAE04EC0-301F-11D3-BF4B-00C04F79EFBC}") = "ordermanager", "ordermanager.csproj", "{90AC4DF2-CEB4-47C1-89A0-6BB83D113212}"
EndProject
Project("{FAE04EC0-301F-11D3-BF4B-00C04F79EFBC}") = "MahApps.Metro.NET45", "MahApps.Metro\MahApps.Metro.NET45.csproj", "{942D11C4-29F5-46C4-8C14-4B976D56C637}"
EndProject
Project("{FAE04EC0-301F-11D3-BF4B-00C04F79EFBC}") = "OrderManagerReports", "..\OrderManagerReports\OrderManagerReports.csproj", "{3C400DD8-A269-4FF3-952F-EC01AACBE504}"
EndProject
Global
	GlobalSection(SolutionConfigurationPlatforms) = preSolution
		Debug|Any CPU = Debug|Any CPU
		Debug|Mixed Platforms = Debug|Mixed Platforms
		Debug|x86 = Debug|x86
		Release|Any CPU = Release|Any CPU
		Release|Mixed Platforms = Release|Mixed Platforms
		Release|x86 = Release|x86
	EndGlobalSection
	GlobalSection(ProjectConfigurationPlatforms) = postSolution
		{90AC4DF2-CEB4-47C1-89A0-6BB83D113212}.Debug|Any CPU.ActiveCfg = Debug|x86
		{90AC4DF2-CEB4-47C1-89A0-6BB83D113212}.Debug|Mixed Platforms.ActiveCfg = Debug|x86
		{90AC4DF2-CEB4-47C1-89A0-6BB83D113212}.Debug|Mixed Platforms.Build.0 = Debug|x86
		{90AC4DF2-CEB4-47C1-89A0-6BB83D113212}.Debug|x86.ActiveCfg = Debug|x86
		{90AC4DF2-CEB4-47C1-89A0-6BB83D113212}.Debug|x86.Build.0 = Debug|x86
		{90AC4DF2-CEB4-47C1-89A0-6BB83D113212}.Release|Any CPU.ActiveCfg = Release|x86
		{90AC4DF2-CEB4-47C1-89A0-6BB83D113212}.Release|Mixed Platforms.ActiveCfg = Release|x86
		{90AC4DF2-CEB4-47C1-89A0-6BB83D113212}.Release|Mixed Platforms.Build.0 = Release|x86
		{90AC4DF2-CEB4-47C1-89A0-6BB83D113212}.Release|x86.ActiveCfg = Release|x86
		{90AC4DF2-CEB4-47C1-89A0-6BB83D113212}.Release|x86.Build.0 = Release|x86
		{942D11C4-29F5-46C4-8C14-4B976D56C637}.Debug|Any CPU.ActiveCfg = Debug|Any CPU
		{942D11C4-29F5-46C4-8C14-4B976D56C637}.Debug|Any CPU.Build.0 = Debug|Any CPU
		{942D11C4-29F5-46C4-8C14-4B976D56C637}.Debug|Mixed Platforms.ActiveCfg = Debug|Any CPU
		{942D11C4-29F5-46C4-8C14-4B976D56C637}.Debug|Mixed Platforms.Build.0 = Debug|Any CPU
		{942D11C4-29F5-46C4-8C14-4B976D56C637}.Debug|x86.ActiveCfg = Debug|Any CPU
		{942D11C4-29F5-46C4-8C14-4B976D56C637}.Release|Any CPU.ActiveCfg = Release|Any CPU
		{942D11C4-29F5-46C4-8C14-4B976D56C637}.Release|Any CPU.Build.0 = Release|Any CPU
		{942D11C4-29F5-46C4-8C14-4B976D56C637}.Release|Mixed Platforms.ActiveCfg = Release|Any CPU
		{942D11C4-29F5-46C4-8C14-4B976D56C637}.Release|Mixed Platforms.Build.0 = Release|Any CPU
		{942D11C4-29F5-46C4-8C14-4B976D56C637}.Release|x86.ActiveCfg = Release|Any CPU
		{3C400DD8-A269-4FF3-952F-EC01AACBE504}.Debug|Any CPU.ActiveCfg = Debug|Any CPU
		{3C400DD8-A269-4FF3-952F-EC01AACBE504}.Debug|Any CPU.Build.0 = Debug|Any CPU
		{3C400DD8-A269-4FF3-952F-EC01AACBE504}.Debug|Mixed Platforms.ActiveCfg = Debug|Any CPU
		{3C400DD8-A269-4FF3-952F-EC01AACBE504}.Debug|Mixed Platforms.Build.0 = Debug|Any CPU
		{3C400DD8-A269-4FF3-952F-EC01AACBE504}.Debug|x86.ActiveCfg = Debug|Any CPU
		{3C400DD8-A269-4FF3-952F-EC01AACBE504}.Release|Any CPU.ActiveCfg = Release|Any CPU
		{3C400DD8-A269-4FF3-952F-EC01AACBE504}.Release|Any CPU.Build.0 = Release|Any CPU
		{3C400DD8-A269-4FF3-952F-EC01AACBE504}.Release|Mixed Platforms.ActiveCfg = Release|Any CPU
		{3C400DD8-A269-4FF3-952F-EC01AACBE504}.Release|Mixed Platforms.Build.0 = Release|Any CPU
		{3C400DD8-A269-4FF3-952F-EC01AACBE504}.Release|x86.ActiveCfg = Release|Any CPU
	EndGlobalSection
	GlobalSection(SolutionProperties) = preSolution
		HideSolutionNode = FALSE
	EndGlobalSection
EndGlobal
